
Microsoft Visual Studio Solution File, Format Version 12.00
# Visual Studio 14
VisualStudioVersion = 14.0.23107.0
MinimumVisualStudioVersion = 10.0.40219.1
Project("{FAE04EC0-301F-11D3-BF4B-00C04F79EFBC}") = "MceBuddyViewer", "MceBuddyViewer\MceBuddyViewer.csproj", "{F7EBD1A3-A617-419B-B0ED-260AA59A0C2B}"
	ProjectSection(ProjectDependencies) = postProject
		{0DF6FB06-4CD2-47BD-89D8-36BE8338673C} = {0DF6FB06-4CD2-47BD-89D8-36BE8338673C}
		{9DB8E317-C643-4DBC-8EBE-B44570F74428} = {9DB8E317-C643-4DBC-8EBE-B44570F74428}
		{B8799D33-24DB-4E36-8113-05BEBB7FC88B} = {B8799D33-24DB-4E36-8113-05BEBB7FC88B}
		{4E7DC789-3AE0-4E19-B1D0-D9186F9F9A98} = {4E7DC789-3AE0-4E19-B1D0-D9186F9F9A98}
		{A3AA78D8-F912-41EC-844B-48C84E5032BB} = {A3AA78D8-F912-41EC-844B-48C84E5032BB}
		{298B38E2-57D4-459D-8EB9-529E95F41DC7} = {298B38E2-57D4-459D-8EB9-529E95F41DC7}
		{CE009BFA-5EF6-4153-B2A1-2FA79698A9AE} = {CE009BFA-5EF6-4153-B2A1-2FA79698A9AE}
	EndProjectSection
EndProject
Project("{FAE04EC0-301F-11D3-BF4B-00C04F79EFBC}") = "MCEBuddyMCE.Engine", "MCEBuddy.Engine\MCEBuddyMCE.Engine.csproj", "{BAD042C9-4BF3-4906-ACED-FFCA708C3157}"
EndProject
Project("{FAE04EC0-301F-11D3-BF4B-00C04F79EFBC}") = "MCEBuddyMCE.Util", "MCEBuddy.Util\MCEBuddyMCE.Util.csproj", "{0D324A60-A350-422E-B522-12B9EAEFDAEC}"
EndProject
Project("{FAE04EC0-301F-11D3-BF4B-00C04F79EFBC}") = "MCEBuddyMCE.Configuration", "MCEBuddy.Configuration\MCEBuddyMCE.Configuration.csproj", "{EA3FAF4F-610D-4394-9BF6-75798AA17541}"
EndProject
Project("{FAE04EC0-301F-11D3-BF4B-00C04F79EFBC}") = "MCEBuddyMCE.Globals", "MCEBuddy.Globals\MCEBuddyMCE.Globals.csproj", "{582764CD-025E-4CB1-B2C4-0C52A59BE74E}"
EndProject
Project("{FAE04EC0-301F-11D3-BF4B-00C04F79EFBC}") = "MCEBuddyMCE.AppWrapper", "MCEBuddy.AppWrapper\MCEBuddyMCE.AppWrapper.csproj", "{9DB8E317-C643-4DBC-8EBE-B44570F74428}"
EndProject
Project("{FAE04EC0-301F-11D3-BF4B-00C04F79EFBC}") = "MCEBuddyMCE.CommercialScan", "MCEBuddy.CommercialScan\MCEBuddyMCE.CommercialScan.csproj", "{298B38E2-57D4-459D-8EB9-529E95F41DC7}"
EndProject
Project("{FAE04EC0-301F-11D3-BF4B-00C04F79EFBC}") = "MCEBuddyMCE.DirectShowLib.Net", "DirectShowLib.NET\MCEBuddyMCE.DirectShowLib.Net.csproj", "{CE009BFA-5EF6-4153-B2A1-2FA79698A9AE}"
EndProject
Project("{FAE04EC0-301F-11D3-BF4B-00C04F79EFBC}") = "MCEBuddyMCE.MetaData", "MCEBuddy.MetaData\MCEBuddyMCE.MetaData.csproj", "{A3AA78D8-F912-41EC-844B-48C84E5032BB}"
EndProject
Project("{FAE04EC0-301F-11D3-BF4B-00C04F79EFBC}") = "MCEBuddyMCE.RemuxMediaCenter", "MCEBuddy.RemuxMediaCenter\MCEBuddyMCE.RemuxMediaCenter.csproj", "{0DF6FB06-4CD2-47BD-89D8-36BE8338673C}"
EndProject
Project("{FAE04EC0-301F-11D3-BF4B-00C04F79EFBC}") = "MCEBuddyMCE.TagLibSharp", "TagLibSharp\MCEBuddyMCE.TagLibSharp.csproj", "{6B143A39-C7B2-4743-9917-92262C60E9A6}"
EndProject
Project("{FAE04EC0-301F-11D3-BF4B-00C04F79EFBC}") = "MCEBuddyMCE.Transcode", "MCEBuddy.Transcode\MCEBuddyMCE.Transcode.csproj", "{B8799D33-24DB-4E36-8113-05BEBB7FC88B}"
EndProject
Project("{FAE04EC0-301F-11D3-BF4B-00C04F79EFBC}") = "MCEBuddyMCE.VideoProperties", "MCEBuddy.VideoInfo\MCEBuddyMCE.VideoProperties.csproj", "{4E7DC789-3AE0-4E19-B1D0-D9186F9F9A98}"
EndProject
Project("{FAE04EC0-301F-11D3-BF4B-00C04F79EFBC}") = "MCEBuddyMCE.EMailEngine", "MCEBuddy.EMailEngine\MCEBuddyMCE.EMailEngine.csproj", "{7D6404A3-3FD5-49CF-B820-7DBEB7C8DCF2}"
EndProject
Project("{FAE04EC0-301F-11D3-BF4B-00C04F79EFBC}") = "MCEBuddyMCE.ManagedUPnP", "ManagedUPnP\MCEBuddyMCE.ManagedUPnP.csproj", "{5956DABC-C1AB-498E-B8C8-F62ED6DCD30C}"
EndProject
Global
	GlobalSection(SolutionConfigurationPlatforms) = preSolution
		Debug|Any CPU = Debug|Any CPU
		Debug|Mixed Platforms = Debug|Mixed Platforms
		Debug|x64 = Debug|x64
		Debug|x86 = Debug|x86
		Release|Any CPU = Release|Any CPU
		Release|Mixed Platforms = Release|Mixed Platforms
		Release|x64 = Release|x64
		Release|x86 = Release|x86
	EndGlobalSection
	GlobalSection(ProjectConfigurationPlatforms) = postSolution
		{F7EBD1A3-A617-419B-B0ED-260AA59A0C2B}.Debug|Any CPU.ActiveCfg = Debug|Any CPU
		{F7EBD1A3-A617-419B-B0ED-260AA59A0C2B}.Debug|Any CPU.Build.0 = Debug|Any CPU
		{F7EBD1A3-A617-419B-B0ED-260AA59A0C2B}.Debug|Mixed Platforms.ActiveCfg = Debug|Any CPU
		{F7EBD1A3-A617-419B-B0ED-260AA59A0C2B}.Debug|Mixed Platforms.Build.0 = Debug|Any CPU
		{F7EBD1A3-A617-419B-B0ED-260AA59A0C2B}.Debug|x64.ActiveCfg = Debug|Any CPU
		{F7EBD1A3-A617-419B-B0ED-260AA59A0C2B}.Debug|x86.ActiveCfg = Debug|Any CPU
		{F7EBD1A3-A617-419B-B0ED-260AA59A0C2B}.Debug|x86.Build.0 = Debug|Any CPU
		{F7EBD1A3-A617-419B-B0ED-260AA59A0C2B}.Release|Any CPU.ActiveCfg = Release|Any CPU
		{F7EBD1A3-A617-419B-B0ED-260AA59A0C2B}.Release|Any CPU.Build.0 = Release|Any CPU
		{F7EBD1A3-A617-419B-B0ED-260AA59A0C2B}.Release|Mixed Platforms.ActiveCfg = Release|Any CPU
		{F7EBD1A3-A617-419B-B0ED-260AA59A0C2B}.Release|Mixed Platforms.Build.0 = Release|Any CPU
		{F7EBD1A3-A617-419B-B0ED-260AA59A0C2B}.Release|x64.ActiveCfg = Release|x64
		{F7EBD1A3-A617-419B-B0ED-260AA59A0C2B}.Release|x64.Build.0 = Release|x64
		{F7EBD1A3-A617-419B-B0ED-260AA59A0C2B}.Release|x86.ActiveCfg = Release|Any CPU
		{F7EBD1A3-A617-419B-B0ED-260AA59A0C2B}.Release|x86.Build.0 = Release|Any CPU
		{BAD042C9-4BF3-4906-ACED-FFCA708C3157}.Debug|Any CPU.ActiveCfg = Debug|Any CPU
		{BAD042C9-4BF3-4906-ACED-FFCA708C3157}.Debug|Any CPU.Build.0 = Debug|Any CPU
		{BAD042C9-4BF3-4906-ACED-FFCA708C3157}.Debug|Mixed Platforms.ActiveCfg = Debug|Any CPU
		{BAD042C9-4BF3-4906-ACED-FFCA708C3157}.Debug|Mixed Platforms.Build.0 = Debug|Any CPU
		{BAD042C9-4BF3-4906-ACED-FFCA708C3157}.Debug|x64.ActiveCfg = Debug|Any CPU
		{BAD042C9-4BF3-4906-ACED-FFCA708C3157}.Debug|x64.Build.0 = Debug|Any CPU
		{BAD042C9-4BF3-4906-ACED-FFCA708C3157}.Debug|x86.ActiveCfg = Debug|Any CPU
		{BAD042C9-4BF3-4906-ACED-FFCA708C3157}.Debug|x86.Build.0 = Debug|Any CPU
		{BAD042C9-4BF3-4906-ACED-FFCA708C3157}.Release|Any CPU.ActiveCfg = Release|Any CPU
		{BAD042C9-4BF3-4906-ACED-FFCA708C3157}.Release|Any CPU.Build.0 = Release|Any CPU
		{BAD042C9-4BF3-4906-ACED-FFCA708C3157}.Release|Mixed Platforms.ActiveCfg = Release|Any CPU
		{BAD042C9-4BF3-4906-ACED-FFCA708C3157}.Release|Mixed Platforms.Build.0 = Release|Any CPU
		{BAD042C9-4BF3-4906-ACED-FFCA708C3157}.Release|x64.ActiveCfg = Release|Any CPU
		{BAD042C9-4BF3-4906-ACED-FFCA708C3157}.Release|x64.Build.0 = Release|Any CPU
		{BAD042C9-4BF3-4906-ACED-FFCA708C3157}.Release|x86.ActiveCfg = Release|Any CPU
		{BAD042C9-4BF3-4906-ACED-FFCA708C3157}.Release|x86.Build.0 = Release|Any CPU
		{0D324A60-A350-422E-B522-12B9EAEFDAEC}.Debug|Any CPU.ActiveCfg = Debug|Any CPU
		{0D324A60-A350-422E-B522-12B9EAEFDAEC}.Debug|Any CPU.Build.0 = Debug|Any CPU
		{0D324A60-A350-422E-B522-12B9EAEFDAEC}.Debug|Mixed Platforms.ActiveCfg = Debug|Any CPU
		{0D324A60-A350-422E-B522-12B9EAEFDAEC}.Debug|Mixed Platforms.Build.0 = Debug|Any CPU
		{0D324A60-A350-422E-B522-12B9EAEFDAEC}.Debug|x64.ActiveCfg = Debug|Any CPU
		{0D324A60-A350-422E-B522-12B9EAEFDAEC}.Debug|x64.Build.0 = Debug|Any CPU
		{0D324A60-A350-422E-B522-12B9EAEFDAEC}.Debug|x86.ActiveCfg = Debug|Any CPU
		{0D324A60-A350-422E-B522-12B9EAEFDAEC}.Debug|x86.Build.0 = Debug|Any CPU
		{0D324A60-A350-422E-B522-12B9EAEFDAEC}.Release|Any CPU.ActiveCfg = Release|Any CPU
		{0D324A60-A350-422E-B522-12B9EAEFDAEC}.Release|Any CPU.Build.0 = Release|Any CPU
		{0D324A60-A350-422E-B522-12B9EAEFDAEC}.Release|Mixed Platforms.ActiveCfg = Release|Any CPU
		{0D324A60-A350-422E-B522-12B9EAEFDAEC}.Release|Mixed Platforms.Build.0 = Release|Any CPU
		{0D324A60-A350-422E-B522-12B9EAEFDAEC}.Release|x64.ActiveCfg = Release|Any CPU
		{0D324A60-A350-422E-B522-12B9EAEFDAEC}.Release|x64.Build.0 = Release|Any CPU
		{0D324A60-A350-422E-B522-12B9EAEFDAEC}.Release|x86.ActiveCfg = Release|Any CPU
		{0D324A60-A350-422E-B522-12B9EAEFDAEC}.Release|x86.Build.0 = Release|Any CPU
		{EA3FAF4F-610D-4394-9BF6-75798AA17541}.Debug|Any CPU.ActiveCfg = Debug|Any CPU
		{EA3FAF4F-610D-4394-9BF6-75798AA17541}.Debug|Any CPU.Build.0 = Debug|Any CPU
		{EA3FAF4F-610D-4394-9BF6-75798AA17541}.Debug|Mixed Platforms.ActiveCfg = Debug|Any CPU
		{EA3FAF4F-610D-4394-9BF6-75798AA17541}.Debug|Mixed Platforms.Build.0 = Debug|Any CPU
		{EA3FAF4F-610D-4394-9BF6-75798AA17541}.Debug|x64.ActiveCfg = Debug|Any CPU
		{EA3FAF4F-610D-4394-9BF6-75798AA17541}.Debug|x64.Build.0 = Debug|Any CPU
		{EA3FAF4F-610D-4394-9BF6-75798AA17541}.Debug|x86.ActiveCfg = Debug|Any CPU
		{EA3FAF4F-610D-4394-9BF6-75798AA17541}.Debug|x86.Build.0 = Debug|Any CPU
		{EA3FAF4F-610D-4394-9BF6-75798AA17541}.Release|Any CPU.ActiveCfg = Release|Any CPU
		{EA3FAF4F-610D-4394-9BF6-75798AA17541}.Release|Any CPU.Build.0 = Release|Any CPU
		{EA3FAF4F-610D-4394-9BF6-75798AA17541}.Release|Mixed Platforms.ActiveCfg = Release|Any CPU
		{EA3FAF4F-610D-4394-9BF6-75798AA17541}.Release|Mixed Platforms.Build.0 = Release|Any CPU
		{EA3FAF4F-610D-4394-9BF6-75798AA17541}.Release|x64.ActiveCfg = Release|Any CPU
		{EA3FAF4F-610D-4394-9BF6-75798AA17541}.Release|x64.Build.0 = Release|Any CPU
		{EA3FAF4F-610D-4394-9BF6-75798AA17541}.Release|x86.ActiveCfg = Release|Any CPU
		{EA3FAF4F-610D-4394-9BF6-75798AA17541}.Release|x86.Build.0 = Release|Any CPU
		{582764CD-025E-4CB1-B2C4-0C52A59BE74E}.Debug|Any CPU.ActiveCfg = Debug|Any CPU
		{582764CD-025E-4CB1-B2C4-0C52A59BE74E}.Debug|Any CPU.Build.0 = Debug|Any CPU
		{582764CD-025E-4CB1-B2C4-0C52A59BE74E}.Debug|Mixed Platforms.ActiveCfg = Debug|Any CPU
		{582764CD-025E-4CB1-B2C4-0C52A59BE74E}.Debug|Mixed Platforms.Build.0 = Debug|Any CPU
		{582764CD-025E-4CB1-B2C4-0C52A59BE74E}.Debug|x64.ActiveCfg = Debug|Any CPU
		{582764CD-025E-4CB1-B2C4-0C52A59BE74E}.Debug|x64.Build.0 = Debug|Any CPU
		{582764CD-025E-4CB1-B2C4-0C52A59BE74E}.Debug|x86.ActiveCfg = Debug|Any CPU
		{582764CD-025E-4CB1-B2C4-0C52A59BE74E}.Debug|x86.Build.0 = Debug|Any CPU
		{582764CD-025E-4CB1-B2C4-0C52A59BE74E}.Release|Any CPU.ActiveCfg = Release|Any CPU
		{582764CD-025E-4CB1-B2C4-0C52A59BE74E}.Release|Any CPU.Build.0 = Release|Any CPU
		{582764CD-025E-4CB1-B2C4-0C52A59BE74E}.Release|Mixed Platforms.ActiveCfg = Release|Any CPU
		{582764CD-025E-4CB1-B2C4-0C52A59BE74E}.Release|Mixed Platforms.Build.0 = Release|Any CPU
		{582764CD-025E-4CB1-B2C4-0C52A59BE74E}.Release|x64.ActiveCfg = Release|Any CPU
		{582764CD-025E-4CB1-B2C4-0C52A59BE74E}.Release|x64.Build.0 = Release|Any CPU
		{582764CD-025E-4CB1-B2C4-0C52A59BE74E}.Release|x86.ActiveCfg = Release|Any CPU
		{582764CD-025E-4CB1-B2C4-0C52A59BE74E}.Release|x86.Build.0 = Release|Any CPU
		{9DB8E317-C643-4DBC-8EBE-B44570F74428}.Debug|Any CPU.ActiveCfg = Debug|Any CPU
		{9DB8E317-C643-4DBC-8EBE-B44570F74428}.Debug|Any CPU.Build.0 = Debug|Any CPU
		{9DB8E317-C643-4DBC-8EBE-B44570F74428}.Debug|Mixed Platforms.ActiveCfg = Debug|Any CPU
		{9DB8E317-C643-4DBC-8EBE-B44570F74428}.Debug|Mixed Platforms.Build.0 = Debug|Any CPU
		{9DB8E317-C643-4DBC-8EBE-B44570F74428}.Debug|x64.ActiveCfg = Debug|Any CPU
		{9DB8E317-C643-4DBC-8EBE-B44570F74428}.Debug|x64.Build.0 = Debug|Any CPU
		{9DB8E317-C643-4DBC-8EBE-B44570F74428}.Debug|x86.ActiveCfg = Debug|Any CPU
		{9DB8E317-C643-4DBC-8EBE-B44570F74428}.Debug|x86.Build.0 = Debug|Any CPU
		{9DB8E317-C643-4DBC-8EBE-B44570F74428}.Release|Any CPU.ActiveCfg = Release|Any CPU
		{9DB8E317-C643-4DBC-8EBE-B44570F74428}.Release|Any CPU.Build.0 = Release|Any CPU
		{9DB8E317-C643-4DBC-8EBE-B44570F74428}.Release|Mixed Platforms.ActiveCfg = Release|Any CPU
		{9DB8E317-C643-4DBC-8EBE-B44570F74428}.Release|Mixed Platforms.Build.0 = Release|Any CPU
		{9DB8E317-C643-4DBC-8EBE-B44570F74428}.Release|x64.ActiveCfg = Release|Any CPU
		{9DB8E317-C643-4DBC-8EBE-B44570F74428}.Release|x64.Build.0 = Release|Any CPU
		{9DB8E317-C643-4DBC-8EBE-B44570F74428}.Release|x86.ActiveCfg = Release|Any CPU
		{9DB8E317-C643-4DBC-8EBE-B44570F74428}.Release|x86.Build.0 = Release|Any CPU
		{298B38E2-57D4-459D-8EB9-529E95F41DC7}.Debug|Any CPU.ActiveCfg = Debug|Any CPU
		{298B38E2-57D4-459D-8EB9-529E95F41DC7}.Debug|Any CPU.Build.0 = Debug|Any CPU
		{298B38E2-57D4-459D-8EB9-529E95F41DC7}.Debug|Mixed Platforms.ActiveCfg = Debug|Any CPU
		{298B38E2-57D4-459D-8EB9-529E95F41DC7}.Debug|Mixed Platforms.Build.0 = Debug|Any CPU
		{298B38E2-57D4-459D-8EB9-529E95F41DC7}.Debug|x64.ActiveCfg = Debug|Any CPU
		{298B38E2-57D4-459D-8EB9-529E95F41DC7}.Debug|x64.Build.0 = Debug|Any CPU
		{298B38E2-57D4-459D-8EB9-529E95F41DC7}.Debug|x86.ActiveCfg = Debug|Any CPU
		{298B38E2-57D4-459D-8EB9-529E95F41DC7}.Debug|x86.Build.0 = Debug|Any CPU
		{298B38E2-57D4-459D-8EB9-529E95F41DC7}.Release|Any CPU.ActiveCfg = Release|Any CPU
		{298B38E2-57D4-459D-8EB9-529E95F41DC7}.Release|Any CPU.Build.0 = Release|Any CPU
		{298B38E2-57D4-459D-8EB9-529E95F41DC7}.Release|Mixed Platforms.ActiveCfg = Release|Any CPU
		{298B38E2-57D4-459D-8EB9-529E95F41DC7}.Release|Mixed Platforms.Build.0 = Release|Any CPU
		{298B38E2-57D4-459D-8EB9-529E95F41DC7}.Release|x64.ActiveCfg = Release|Any CPU
		{298B38E2-57D4-459D-8EB9-529E95F41DC7}.Release|x64.Build.0 = Release|Any CPU
		{298B38E2-57D4-459D-8EB9-529E95F41DC7}.Release|x86.ActiveCfg = Release|Any CPU
		{298B38E2-57D4-459D-8EB9-529E95F41DC7}.Release|x86.Build.0 = Release|Any CPU
		{CE009BFA-5EF6-4153-B2A1-2FA79698A9AE}.Debug|Any CPU.ActiveCfg = Debug|Any CPU
		{CE009BFA-5EF6-4153-B2A1-2FA79698A9AE}.Debug|Any CPU.Build.0 = Debug|Any CPU
		{CE009BFA-5EF6-4153-B2A1-2FA79698A9AE}.Debug|Mixed Platforms.ActiveCfg = Debug|Any CPU
		{CE009BFA-5EF6-4153-B2A1-2FA79698A9AE}.Debug|Mixed Platforms.Build.0 = Debug|Any CPU
		{CE009BFA-5EF6-4153-B2A1-2FA79698A9AE}.Debug|x64.ActiveCfg = Debug|Any CPU
		{CE009BFA-5EF6-4153-B2A1-2FA79698A9AE}.Debug|x64.Build.0 = Debug|Any CPU
		{CE009BFA-5EF6-4153-B2A1-2FA79698A9AE}.Debug|x86.ActiveCfg = Debug|Any CPU
		{CE009BFA-5EF6-4153-B2A1-2FA79698A9AE}.Debug|x86.Build.0 = Debug|Any CPU
		{CE009BFA-5EF6-4153-B2A1-2FA79698A9AE}.Release|Any CPU.ActiveCfg = Release|Any CPU
		{CE009BFA-5EF6-4153-B2A1-2FA79698A9AE}.Release|Any CPU.Build.0 = Release|Any CPU
		{CE009BFA-5EF6-4153-B2A1-2FA79698A9AE}.Release|Mixed Platforms.ActiveCfg = Release|Any CPU
		{CE009BFA-5EF6-4153-B2A1-2FA79698A9AE}.Release|Mixed Platforms.Build.0 = Release|Any CPU
		{CE009BFA-5EF6-4153-B2A1-2FA79698A9AE}.Release|x64.ActiveCfg = Release|Any CPU
		{CE009BFA-5EF6-4153-B2A1-2FA79698A9AE}.Release|x64.Build.0 = Release|Any CPU
		{CE009BFA-5EF6-4153-B2A1-2FA79698A9AE}.Release|x86.ActiveCfg = Release|Any CPU
		{CE009BFA-5EF6-4153-B2A1-2FA79698A9AE}.Release|x86.Build.0 = Release|Any CPU
		{A3AA78D8-F912-41EC-844B-48C84E5032BB}.Debug|Any CPU.ActiveCfg = Debug|Any CPU
		{A3AA78D8-F912-41EC-844B-48C84E5032BB}.Debug|Any CPU.Build.0 = Debug|Any CPU
		{A3AA78D8-F912-41EC-844B-48C84E5032BB}.Debug|Mixed Platforms.ActiveCfg = Debug|Any CPU
		{A3AA78D8-F912-41EC-844B-48C84E5032BB}.Debug|Mixed Platforms.Build.0 = Debug|Any CPU
		{A3AA78D8-F912-41EC-844B-48C84E5032BB}.Debug|x64.ActiveCfg = Debug|Any CPU
		{A3AA78D8-F912-41EC-844B-48C84E5032BB}.Debug|x64.Build.0 = Debug|Any CPU
		{A3AA78D8-F912-41EC-844B-48C84E5032BB}.Debug|x86.ActiveCfg = Debug|Any CPU
		{A3AA78D8-F912-41EC-844B-48C84E5032BB}.Debug|x86.Build.0 = Debug|Any CPU
		{A3AA78D8-F912-41EC-844B-48C84E5032BB}.Release|Any CPU.ActiveCfg = Release|Any CPU
		{A3AA78D8-F912-41EC-844B-48C84E5032BB}.Release|Any CPU.Build.0 = Release|Any CPU
		{A3AA78D8-F912-41EC-844B-48C84E5032BB}.Release|Mixed Platforms.ActiveCfg = Release|Any CPU
		{A3AA78D8-F912-41EC-844B-48C84E5032BB}.Release|Mixed Platforms.Build.0 = Release|Any CPU
		{A3AA78D8-F912-41EC-844B-48C84E5032BB}.Release|x64.ActiveCfg = Release|Any CPU
		{A3AA78D8-F912-41EC-844B-48C84E5032BB}.Release|x64.Build.0 = Release|Any CPU
		{A3AA78D8-F912-41EC-844B-48C84E5032BB}.Release|x86.ActiveCfg = Release|Any CPU
		{A3AA78D8-F912-41EC-844B-48C84E5032BB}.Release|x86.Build.0 = Release|Any CPU
		{0DF6FB06-4CD2-47BD-89D8-36BE8338673C}.Debug|Any CPU.ActiveCfg = Debug|Any CPU
		{0DF6FB06-4CD2-47BD-89D8-36BE8338673C}.Debug|Any CPU.Build.0 = Debug|Any CPU
		{0DF6FB06-4CD2-47BD-89D8-36BE8338673C}.Debug|Mixed Platforms.ActiveCfg = Debug|Any CPU
		{0DF6FB06-4CD2-47BD-89D8-36BE8338673C}.Debug|Mixed Platforms.Build.0 = Debug|Any CPU
		{0DF6FB06-4CD2-47BD-89D8-36BE8338673C}.Debug|x64.ActiveCfg = Debug|Any CPU
		{0DF6FB06-4CD2-47BD-89D8-36BE8338673C}.Debug|x64.Build.0 = Debug|Any CPU
		{0DF6FB06-4CD2-47BD-89D8-36BE8338673C}.Debug|x86.ActiveCfg = Debug|Any CPU
		{0DF6FB06-4CD2-47BD-89D8-36BE8338673C}.Debug|x86.Build.0 = Debug|Any CPU
		{0DF6FB06-4CD2-47BD-89D8-36BE8338673C}.Release|Any CPU.ActiveCfg = Release|Any CPU
		{0DF6FB06-4CD2-47BD-89D8-36BE8338673C}.Release|Any CPU.Build.0 = Release|Any CPU
		{0DF6FB06-4CD2-47BD-89D8-36BE8338673C}.Release|Mixed Platforms.ActiveCfg = Release|Any CPU
		{0DF6FB06-4CD2-47BD-89D8-36BE8338673C}.Release|Mixed Platforms.Build.0 = Release|Any CPU
		{0DF6FB06-4CD2-47BD-89D8-36BE8338673C}.Release|x64.ActiveCfg = Release|Any CPU
		{0DF6FB06-4CD2-47BD-89D8-36BE8338673C}.Release|x64.Build.0 = Release|Any CPU
		{0DF6FB06-4CD2-47BD-89D8-36BE8338673C}.Release|x86.ActiveCfg = Release|Any CPU
		{0DF6FB06-4CD2-47BD-89D8-36BE8338673C}.Release|x86.Build.0 = Release|Any CPU
		{6B143A39-C7B2-4743-9917-92262C60E9A6}.Debug|Any CPU.ActiveCfg = Debug|Any CPU
		{6B143A39-C7B2-4743-9917-92262C60E9A6}.Debug|Any CPU.Build.0 = Debug|Any CPU
		{6B143A39-C7B2-4743-9917-92262C60E9A6}.Debug|Mixed Platforms.ActiveCfg = Debug|Any CPU
		{6B143A39-C7B2-4743-9917-92262C60E9A6}.Debug|Mixed Platforms.Build.0 = Debug|Any CPU
		{6B143A39-C7B2-4743-9917-92262C60E9A6}.Debug|x64.ActiveCfg = Debug|Any CPU
		{6B143A39-C7B2-4743-9917-92262C60E9A6}.Debug|x64.Build.0 = Debug|Any CPU
		{6B143A39-C7B2-4743-9917-92262C60E9A6}.Debug|x86.ActiveCfg = Debug|Any CPU
		{6B143A39-C7B2-4743-9917-92262C60E9A6}.Debug|x86.Build.0 = Debug|Any CPU
		{6B143A39-C7B2-4743-9917-92262C60E9A6}.Release|Any CPU.ActiveCfg = Release|Any CPU
		{6B143A39-C7B2-4743-9917-92262C60E9A6}.Release|Any CPU.Build.0 = Release|Any CPU
		{6B143A39-C7B2-4743-9917-92262C60E9A6}.Release|Mixed Platforms.ActiveCfg = Release|Any CPU
		{6B143A39-C7B2-4743-9917-92262C60E9A6}.Release|Mixed Platforms.Build.0 = Release|Any CPU
		{6B143A39-C7B2-4743-9917-92262C60E9A6}.Release|x64.ActiveCfg = Release|Any CPU
		{6B143A39-C7B2-4743-9917-92262C60E9A6}.Release|x64.Build.0 = Release|Any CPU
		{6B143A39-C7B2-4743-9917-92262C60E9A6}.Release|x86.ActiveCfg = Release|Any CPU
		{6B143A39-C7B2-4743-9917-92262C60E9A6}.Release|x86.Build.0 = Release|Any CPU
		{B8799D33-24DB-4E36-8113-05BEBB7FC88B}.Debug|Any CPU.ActiveCfg = Debug|Any CPU
		{B8799D33-24DB-4E36-8113-05BEBB7FC88B}.Debug|Any CPU.Build.0 = Debug|Any CPU
		{B8799D33-24DB-4E36-8113-05BEBB7FC88B}.Debug|Mixed Platforms.ActiveCfg = Debug|Any CPU
		{B8799D33-24DB-4E36-8113-05BEBB7FC88B}.Debug|Mixed Platforms.Build.0 = Debug|Any CPU
		{B8799D33-24DB-4E36-8113-05BEBB7FC88B}.Debug|x64.ActiveCfg = Debug|Any CPU
		{B8799D33-24DB-4E36-8113-05BEBB7FC88B}.Debug|x64.Build.0 = Debug|Any CPU
		{B8799D33-24DB-4E36-8113-05BEBB7FC88B}.Debug|x86.ActiveCfg = Debug|Any CPU
		{B8799D33-24DB-4E36-8113-05BEBB7FC88B}.Debug|x86.Build.0 = Debug|Any CPU
		{B8799D33-24DB-4E36-8113-05BEBB7FC88B}.Release|Any CPU.ActiveCfg = Release|Any CPU
		{B8799D33-24DB-4E36-8113-05BEBB7FC88B}.Release|Any CPU.Build.0 = Release|Any CPU
		{B8799D33-24DB-4E36-8113-05BEBB7FC88B}.Release|Mixed Platforms.ActiveCfg = Release|Any CPU
		{B8799D33-24DB-4E36-8113-05BEBB7FC88B}.Release|Mixed Platforms.Build.0 = Release|Any CPU
		{B8799D33-24DB-4E36-8113-05BEBB7FC88B}.Release|x64.ActiveCfg = Release|Any CPU
		{B8799D33-24DB-4E36-8113-05BEBB7FC88B}.Release|x64.Build.0 = Release|Any CPU
		{B8799D33-24DB-4E36-8113-05BEBB7FC88B}.Release|x86.ActiveCfg = Release|Any CPU
		{B8799D33-24DB-4E36-8113-05BEBB7FC88B}.Release|x86.Build.0 = Release|Any CPU
		{4E7DC789-3AE0-4E19-B1D0-D9186F9F9A98}.Debug|Any CPU.ActiveCfg = Debug|Any CPU
		{4E7DC789-3AE0-4E19-B1D0-D9186F9F9A98}.Debug|Any CPU.Build.0 = Debug|Any CPU
		{4E7DC789-3AE0-4E19-B1D0-D9186F9F9A98}.Debug|Mixed Platforms.ActiveCfg = Debug|Any CPU
		{4E7DC789-3AE0-4E19-B1D0-D9186F9F9A98}.Debug|Mixed Platforms.Build.0 = Debug|Any CPU
		{4E7DC789-3AE0-4E19-B1D0-D9186F9F9A98}.Debug|x64.ActiveCfg = Debug|Any CPU
		{4E7DC789-3AE0-4E19-B1D0-D9186F9F9A98}.Debug|x64.Build.0 = Debug|Any CPU
		{4E7DC789-3AE0-4E19-B1D0-D9186F9F9A98}.Debug|x86.ActiveCfg = Debug|Any CPU
		{4E7DC789-3AE0-4E19-B1D0-D9186F9F9A98}.Debug|x86.Build.0 = Debug|Any CPU
		{4E7DC789-3AE0-4E19-B1D0-D9186F9F9A98}.Release|Any CPU.ActiveCfg = Release|Any CPU
		{4E7DC789-3AE0-4E19-B1D0-D9186F9F9A98}.Release|Any CPU.Build.0 = Release|Any CPU
		{4E7DC789-3AE0-4E19-B1D0-D9186F9F9A98}.Release|Mixed Platforms.ActiveCfg = Release|Any CPU
		{4E7DC789-3AE0-4E19-B1D0-D9186F9F9A98}.Release|Mixed Platforms.Build.0 = Release|Any CPU
		{4E7DC789-3AE0-4E19-B1D0-D9186F9F9A98}.Release|x64.ActiveCfg = Release|Any CPU
		{4E7DC789-3AE0-4E19-B1D0-D9186F9F9A98}.Release|x64.Build.0 = Release|Any CPU
		{4E7DC789-3AE0-4E19-B1D0-D9186F9F9A98}.Release|x86.ActiveCfg = Release|Any CPU
		{4E7DC789-3AE0-4E19-B1D0-D9186F9F9A98}.Release|x86.Build.0 = Release|Any CPU
		{7D6404A3-3FD5-49CF-B820-7DBEB7C8DCF2}.Debug|Any CPU.ActiveCfg = Debug|Any CPU
		{7D6404A3-3FD5-49CF-B820-7DBEB7C8DCF2}.Debug|Any CPU.Build.0 = Debug|Any CPU
		{7D6404A3-3FD5-49CF-B820-7DBEB7C8DCF2}.Debug|Mixed Platforms.ActiveCfg = Debug|Any CPU
		{7D6404A3-3FD5-49CF-B820-7DBEB7C8DCF2}.Debug|Mixed Platforms.Build.0 = Debug|Any CPU
		{7D6404A3-3FD5-49CF-B820-7DBEB7C8DCF2}.Debug|x64.ActiveCfg = Debug|Any CPU
		{7D6404A3-3FD5-49CF-B820-7DBEB7C8DCF2}.Debug|x64.Build.0 = Debug|Any CPU
		{7D6404A3-3FD5-49CF-B820-7DBEB7C8DCF2}.Debug|x86.ActiveCfg = Debug|Any CPU
		{7D6404A3-3FD5-49CF-B820-7DBEB7C8DCF2}.Debug|x86.Build.0 = Debug|Any CPU
		{7D6404A3-3FD5-49CF-B820-7DBEB7C8DCF2}.Release|Any CPU.ActiveCfg = Release|Any CPU
		{7D6404A3-3FD5-49CF-B820-7DBEB7C8DCF2}.Release|Any CPU.Build.0 = Release|Any CPU
		{7D6404A3-3FD5-49CF-B820-7DBEB7C8DCF2}.Release|Mixed Platforms.ActiveCfg = Release|Any CPU
		{7D6404A3-3FD5-49CF-B820-7DBEB7C8DCF2}.Release|Mixed Platforms.Build.0 = Release|Any CPU
		{7D6404A3-3FD5-49CF-B820-7DBEB7C8DCF2}.Release|x64.ActiveCfg = Release|Any CPU
		{7D6404A3-3FD5-49CF-B820-7DBEB7C8DCF2}.Release|x64.Build.0 = Release|Any CPU
		{7D6404A3-3FD5-49CF-B820-7DBEB7C8DCF2}.Release|x86.ActiveCfg = Release|Any CPU
		{7D6404A3-3FD5-49CF-B820-7DBEB7C8DCF2}.Release|x86.Build.0 = Release|Any CPU
		{5956DABC-C1AB-498E-B8C8-F62ED6DCD30C}.Debug|Any CPU.ActiveCfg = Debug|Any CPU
		{5956DABC-C1AB-498E-B8C8-F62ED6DCD30C}.Debug|Any CPU.Build.0 = Debug|Any CPU
		{5956DABC-C1AB-498E-B8C8-F62ED6DCD30C}.Debug|Mixed Platforms.ActiveCfg = Debug|Any CPU
		{5956DABC-C1AB-498E-B8C8-F62ED6DCD30C}.Debug|Mixed Platforms.Build.0 = Debug|Any CPU
		{5956DABC-C1AB-498E-B8C8-F62ED6DCD30C}.Debug|x64.ActiveCfg = Debug|Any CPU
		{5956DABC-C1AB-498E-B8C8-F62ED6DCD30C}.Debug|x64.Build.0 = Debug|Any CPU
		{5956DABC-C1AB-498E-B8C8-F62ED6DCD30C}.Debug|x86.ActiveCfg = Debug|Any CPU
		{5956DABC-C1AB-498E-B8C8-F62ED6DCD30C}.Debug|x86.Build.0 = Debug|Any CPU
		{5956DABC-C1AB-498E-B8C8-F62ED6DCD30C}.Release|Any CPU.ActiveCfg = Release|Any CPU
		{5956DABC-C1AB-498E-B8C8-F62ED6DCD30C}.Release|Any CPU.Build.0 = Release|Any CPU
		{5956DABC-C1AB-498E-B8C8-F62ED6DCD30C}.Release|Mixed Platforms.ActiveCfg = Release|Any CPU
		{5956DABC-C1AB-498E-B8C8-F62ED6DCD30C}.Release|Mixed Platforms.Build.0 = Release|Any CPU
		{5956DABC-C1AB-498E-B8C8-F62ED6DCD30C}.Release|x64.ActiveCfg = Release|Any CPU
		{5956DABC-C1AB-498E-B8C8-F62ED6DCD30C}.Release|x64.Build.0 = Release|Any CPU
		{5956DABC-C1AB-498E-B8C8-F62ED6DCD30C}.Release|x86.ActiveCfg = Release|Any CPU
		{5956DABC-C1AB-498E-B8C8-F62ED6DCD30C}.Release|x86.Build.0 = Release|Any CPU
	EndGlobalSection
	GlobalSection(SolutionProperties) = preSolution
		HideSolutionNode = FALSE
	EndGlobalSection
	GlobalSection(TeamFoundationVersionControl) = preSolution
		SccNumberOfProjects = 16
		SccEnterpriseProvider = {4CA58AB2-18FA-4F8D-95D4-32DDF27D184C}
		SccTeamFoundationServer = https://tfs.codeplex.com/tfs/tfs12
		SccLocalPath0 = .
		SccProjectUniqueName1 = MceBuddyViewer\\MceBuddyViewer.csproj
		SccProjectName1 = MceBuddyViewer
		SccLocalPath1 = MceBuddyViewer
		SccProjectUniqueName2 = MCEBuddy.Engine\\MCEBuddyMCE.Engine.csproj
		SccProjectName2 = MCEBuddy.Engine
		SccLocalPath2 = MCEBuddy.Engine
		SccProjectUniqueName3 = MCEBuddy.Util\\MCEBuddyMCE.Util.csproj
		SccProjectName3 = MCEBuddy.Util
		SccLocalPath3 = MCEBuddy.Util
		SccProjectUniqueName4 = MCEBuddy.Configuration\\MCEBuddyMCE.Configuration.csproj
		SccProjectName4 = MCEBuddy.Configuration
		SccLocalPath4 = MCEBuddy.Configuration
		SccProjectUniqueName5 = MCEBuddy.Globals\\MCEBuddyMCE.Globals.csproj
		SccProjectName5 = MCEBuddy.Globals
		SccLocalPath5 = MCEBuddy.Globals
		SccProjectUniqueName6 = MCEBuddy.AppWrapper\\MCEBuddyMCE.AppWrapper.csproj
		SccProjectName6 = MCEBuddy.AppWrapper
		SccLocalPath6 = MCEBuddy.AppWrapper
		SccProjectUniqueName7 = MCEBuddy.CommercialScan\\MCEBuddyMCE.CommercialScan.csproj
		SccProjectName7 = MCEBuddy.CommercialScan
		SccLocalPath7 = MCEBuddy.CommercialScan
		SccProjectUniqueName8 = DirectShowLib.NET\\MCEBuddyMCE.DirectShowLib.Net.csproj
		SccProjectName8 = DirectShowLib.NET
		SccLocalPath8 = DirectShowLib.NET
		SccProjectUniqueName9 = MCEBuddy.MetaData\\MCEBuddyMCE.MetaData.csproj
		SccProjectName9 = MCEBuddy.MetaData
		SccLocalPath9 = MCEBuddy.MetaData
		SccProjectUniqueName10 = MCEBuddy.RemuxMediaCenter\\MCEBuddyMCE.RemuxMediaCenter.csproj
		SccProjectName10 = MCEBuddy.RemuxMediaCenter
		SccLocalPath10 = MCEBuddy.RemuxMediaCenter
		SccProjectUniqueName11 = TagLibSharp\\MCEBuddyMCE.TagLibSharp.csproj
		SccProjectName11 = TagLibSharp
		SccLocalPath11 = TagLibSharp
		SccProjectUniqueName12 = MCEBuddy.Transcode\\MCEBuddyMCE.Transcode.csproj
		SccProjectName12 = MCEBuddy.Transcode
		SccLocalPath12 = MCEBuddy.Transcode
		SccProjectUniqueName13 = MCEBuddy.VideoInfo\\MCEBuddyMCE.VideoProperties.csproj
		SccProjectName13 = MCEBuddy.VideoInfo
		SccLocalPath13 = MCEBuddy.VideoInfo
		SccProjectUniqueName14 = MCEBuddy.EMailEngine\\MCEBuddyMCE.EMailEngine.csproj
		SccProjectName14 = MCEBuddy.EMailEngine
		SccLocalPath14 = MCEBuddy.EMailEngine
		SccProjectUniqueName15 = ManagedUPnP\\MCEBuddyMCE.ManagedUPnP.csproj
		SccProjectName15 = ManagedUPnP
		SccLocalPath15 = ManagedUPnP
	EndGlobalSection
EndGlobal
